// !$*UTF8*$!
{
	archiveVersion = 1;
	classes = {
	};
	objectVersion = 46;
	objects = {

/* Begin PBXBuildFile section */
		7CFE66C31E540E5A0000B161 /* AppDelegate.swift in Sources */ = {isa = PBXBuildFile; fileRef = 7CFE66C21E540E5A0000B161 /* AppDelegate.swift */; };
		7CFE66C51E540E5A0000B161 /* ViewController.swift in Sources */ = {isa = PBXBuildFile; fileRef = 7CFE66C41E540E5A0000B161 /* ViewController.swift */; };
		7CFE66C81E540E5A0000B161 /* Main.storyboard in Resources */ = {isa = PBXBuildFile; fileRef = 7CFE66C61E540E5A0000B161 /* Main.storyboard */; };
		7CFE66CA1E540E5A0000B161 /* Assets.xcassets in Resources */ = {isa = PBXBuildFile; fileRef = 7CFE66C91E540E5A0000B161 /* Assets.xcassets */; };
		7CFE66CD1E540E5A0000B161 /* LaunchScreen.storyboard in Resources */ = {isa = PBXBuildFile; fileRef = 7CFE66CB1E540E5A0000B161 /* LaunchScreen.storyboard */; };
		7CFE66D81E540E9E0000B161 /* MaGraphView.swift in Sources */ = {isa = PBXBuildFile; fileRef = 7CFE66D71E540E9E0000B161 /* MaGraphView.swift */; };
		7CFE66DA1E5413C50000B161 /* MaGraphItemView.swift in Sources */ = {isa = PBXBuildFile; fileRef = 7CFE66D91E5413C50000B161 /* MaGraphItemView.swift */; };
/* End PBXBuildFile section */

/* Begin PBXFileReference section */
		7CFE66BF1E540E5A0000B161 /* MaGraph.app */ = {isa = PBXFileReference; explicitFileType = wrapper.application; includeInIndex = 0; path = MaGraph.app; sourceTree = BUILT_PRODUCTS_DIR; };
		7CFE66C21E540E5A0000B161 /* AppDelegate.swift */ = {isa = PBXFileReference; lastKnownFileType = sourcecode.swift; path = AppDelegate.swift; sourceTree = "<group>"; };
		7CFE66C41E540E5A0000B161 /* ViewController.swift */ = {isa = PBXFileReference; lastKnownFileType = sourcecode.swift; path = ViewController.swift; sourceTree = "<group>"; };
		7CFE66C71E540E5A0000B161 /* Base */ = {isa = PBXFileReference; lastKnownFileType = file.storyboard; name = Base; path = Base.lproj/Main.storyboard; sourceTree = "<group>"; };
		7CFE66C91E540E5A0000B161 /* Assets.xcassets */ = {isa = PBXFileReference; lastKnownFileType = folder.assetcatalog; path = Assets.xcassets; sourceTree = "<group>"; };
		7CFE66CC1E540E5A0000B161 /* Base */ = {isa = PBXFileReference; lastKnownFileType = file.storyboard; name = Base; path = Base.lproj/LaunchScreen.storyboard; sourceTree = "<group>"; };
		7CFE66CE1E540E5A0000B161 /* Info.plist */ = {isa = PBXFileReference; lastKnownFileType = text.plist.xml; path = Info.plist; sourceTree = "<group>"; };
		7CFE66D71E540E9E0000B161 /* MaGraphView.swift */ = {isa = PBXFileReference; fileEncoding = 4; lastKnownFileType = sourcecode.swift; path = MaGraphView.swift; sourceTree = "<group>"; };
		7CFE66D91E5413C50000B161 /* MaGraphItemView.swift */ = {isa = PBXFileReference; fileEncoding = 4; lastKnownFileType = sourcecode.swift; path = MaGraphItemView.swift; sourceTree = "<group>"; };
/* End PBXFileReference section */

/* Begin PBXFrameworksBuildPhase section */
		7CFE66BC1E540E5A0000B161 /* Frameworks */ = {
			isa = PBXFrameworksBuildPhase;
			buildActionMask = 2147483647;
			files = (
			);
			runOnlyForDeploymentPostprocessing = 0;
		};
/* End PBXFrameworksBuildPhase section */

/* Begin PBXGroup section */
		7CFE66B61E540E5A0000B161 = {
			isa = PBXGroup;
			children = (
				7CFE66C11E540E5A0000B161 /* MaGraph */,
				7CFE66C01E540E5A0000B161 /* Products */,
			);
			sourceTree = "<group>";
		};
		7CFE66C01E540E5A0000B161 /* Products */ = {
			isa = PBXGroup;
			children = (
				7CFE66BF1E540E5A0000B161 /* MaGraph.app */,
			);
			name = Products;
			sourceTree = "<group>";
		};
		7CFE66C11E540E5A0000B161 /* MaGraph */ = {
			isa = PBXGroup;
			children = (
				7CFE66D61E540E930000B161 /* src */,
				7CFE66C21E540E5A0000B161 /* AppDelegate.swift */,
				7CFE66C41E540E5A0000B161 /* ViewController.swift */,
				7CFE66C61E540E5A0000B161 /* Main.storyboard */,
				7CFE66C91E540E5A0000B161 /* Assets.xcassets */,
				7CFE66CB1E540E5A0000B161 /* LaunchScreen.storyboard */,
				7CFE66CE1E540E5A0000B161 /* Info.plist */,
			);
			path = MaGraph;
			sourceTree = "<group>";
		};
		7CFE66D61E540E930000B161 /* src */ = {
			isa = PBXGroup;
			children = (
				7CFE66D71E540E9E0000B161 /* MaGraphView.swift */,
				7CFE66D91E5413C50000B161 /* MaGraphItemView.swift */,
			);
			path = src;
			sourceTree = "<group>";
		};
/* End PBXGroup section */

/* Begin PBXNativeTarget section */
		7CFE66BE1E540E5A0000B161 /* MaGraph */ = {
			isa = PBXNativeTarget;
			buildConfigurationList = 7CFE66D11E540E5A0000B161 /* Build configuration list for PBXNativeTarget "MaGraph" */;
			buildPhases = (
				7CFE66BB1E540E5A0000B161 /* Sources */,
				7CFE66BC1E540E5A0000B161 /* Frameworks */,
				7CFE66BD1E540E5A0000B161 /* Resources */,
			);
			buildRules = (
			);
			dependencies = (
			);
			name = MaGraph;
			productName = MaGraph;
			productReference = 7CFE66BF1E540E5A0000B161 /* MaGraph.app */;
			productType = "com.apple.product-type.application";
		};
/* End PBXNativeTarget section */

/* Begin PBXProject section */
		7CFE66B71E540E5A0000B161 /* Project object */ = {
			isa = PBXProject;
			attributes = {
				LastSwiftUpdateCheck = 0730;
				LastUpgradeCheck = 0730;
				ORGANIZATIONNAME = Park.JooSung;
				TargetAttributes = {
					7CFE66BE1E540E5A0000B161 = {
						CreatedOnToolsVersion = 7.3.1;
					};
				};
			};
			buildConfigurationList = 7CFE66BA1E540E5A0000B161 /* Build configuration list for PBXProject "MaGraph" */;
			compatibilityVersion = "Xcode 3.2";
			developmentRegion = English;
			hasScannedForEncodings = 0;
			knownRegions = (
				en,
				Base,
			);
			mainGroup = 7CFE66B61E540E5A0000B161;
			productRefGroup = 7CFE66C01E540E5A0000B161 /* Products */;
			projectDirPath = "";
			projectRoot = "";
			targets = (
				7CFE66BE1E540E5A0000B161 /* MaGraph */,
			);
		};
/* End PBXProject section */

/* Begin PBXResourcesBuildPhase section */
		7CFE66BD1E540E5A0000B161 /* Resources */ = {
			isa = PBXResourcesBuildPhase;
			buildActionMask = 2147483647;
			files = (
				7CFE66CD1E540E5A0000B161 /* LaunchScreen.storyboard in Resources */,
				7CFE66CA1E540E5A0000B161 /* Assets.xcassets in Resources */,
				7CFE66C81E540E5A0000B161 /* Main.storyboard in Resources */,
			);
			runOnlyForDeploymentPostprocessing = 0;
		};
/* End PBXResourcesBuildPhase section */

/* Begin PBXSourcesBuildPhase section */
		7CFE66BB1E540E5A0000B161 /* Sources */ = {
			isa = PBXSourcesBuildPhase;
			buildActionMask = 2147483647;
			files = (
				7CFE66D81E540E9E0000B161 /* MaGraphView.swift in Sources */,
				7CFE66C51E540E5A0000B161 /* ViewController.swift in Sources */,
				7CFE66DA1E5413C50000B161 /* MaGraphItemView.swift in Sources */,
				7CFE66C31E540E5A0000B161 /* AppDelegate.swift in Sources */,
			);
			runOnlyForDeploymentPostprocessing = 0;
		};
/* End PBXSourcesBuildPhase section */

/* Begin PBXVariantGroup section */
		7CFE66C61E540E5A0000B161 /* Main.storyboard */ = {
			isa = PBXVariantGroup;
			children = (
				7CFE66C71E540E5A0000B161 /* Base */,
			);
			name = Main.storyboard;
			sourceTree = "<group>";
		};
		7CFE66CB1E540E5A0000B161 /* LaunchScreen.storyboard */ = {
			isa = PBXVariantGroup;
			children = (
				7CFE66CC1E540E5A0000B161 /* Base */,
			);
			name = LaunchScreen.storyboard;
			sourceTree = "<group>";
		};
/* End PBXVariantGroup section */

/* Begin XCBuildConfiguration section */
		7CFE66CF1E540E5A0000B161 /* Debug */ = {
			isa = XCBuildConfiguration;
			buildSettings = {
				ALWAYS_SEARCH_USER_PATHS = NO;
				CLANG_ANALYZER_NONNULL = YES;
				CLANG_CXX_LANGUAGE_STANDARD = "gnu++0x";
				CLANG_CXX_LIBRARY = "libc++";
				CLANG_ENABLE_MODULES = YES;
				CLANG_ENABLE_OBJC_ARC = YES;
				CLANG_WARN_BOOL_CONVERSION = YES;
				CLANG_WARN_CONSTANT_CONVERSION = YES;
				CLANG_WARN_DIRECT_OBJC_ISA_USAGE = YES_ERROR;
				CLANG_WARN_EMPTY_BODY = YES;
				CLANG_WARN_ENUM_CONVERSION = YES;
				CLANG_WARN_INT_CONVERSION = YES;
				CLANG_WARN_OBJC_ROOT_CLASS = YES_ERROR;
				CLANG_WARN_UNREACHABLE_CODE = YES;
				CLANG_WARN__DUPLICATE_METHOD_MATCH = YES;
				"CODE_SIGN_IDENTITY[sdk=iphoneos*]" = "iPhone Developer";
				COPY_PHASE_STRIP = NO;
				DEBUG_INFORMATION_FORMAT = dwarf;
				ENABLE_STRICT_OBJC_MSGSEND = YES;
				ENABLE_TESTABILITY = YES;
				GCC_C_LANGUAGE_STANDARD = gnu99;
				GCC_DYNAMIC_NO_PIC = NO;
				GCC_NO_COMMON_BLOCKS = YES;
				GCC_OPTIMIZATION_LEVEL = 0;
				GCC_PREPROCESSOR_DEFINITIONS = (
					"DEBUG=1",
					"$(inherited)",
				);
				GCC_WARN_64_TO_32_BIT_CONVERSION = YES;
				GCC_WARN_ABOUT_RETURN_TYPE = YES_ERROR;
				GCC_WARN_UNDECLARED_SELECTOR = YES;
				GCC_WARN_UNINITIALIZED_AUTOS = YES_AGGRESSIVE;
				GCC_WARN_UNUSED_FUNCTION = YES;
				GCC_WARN_UNUSED_VARIABLE = YES;
				IPHONEOS_DEPLOYMENT_TARGET = 9.3;
				MTL_ENABLE_DEBUG_INFO = YES;
				ONLY_ACTIVE_ARCH = YES;
				SDKROOT = iphoneos;
				SWIFT_OPTIMIZATION_LEVEL = "-Onone";
				TARGETED_DEVICE_FAMILY = "1,2";
			};
			name = Debug;
		};
		7CFE66D01E540E5A0000B161 /* Release */ = {
			isa = XCBuildConfiguration;
			buildSettings = {
				ALWAYS_SEARCH_USER_PATHS = NO;
				CLANG_ANALYZER_NONNULL = YES;
				CLANG_CXX_LANGUAGE_STANDARD = "gnu++0x";
				CLANG_CXX_LIBRARY = "libc++";
				CLANG_ENABLE_MODULES = YES;
				CLANG_ENABLE_OBJC_ARC = YES;
				CLANG_WARN_BOOL_CONVERSION = YES;
				CLANG_WARN_CONSTANT_CONVERSION = YES;
				CLANG_WARN_DIRECT_OBJC_ISA_USAGE = YES_ERROR;
				CLANG_WARN_EMPTY_BODY = YES;
				CLANG_WARN_ENUM_CONVERSION = YES;
				CLANG_WARN_INT_CONVERSION = YES;
				CLANG_WARN_OBJC_ROOT_CLASS = YES_ERROR;
				CLANG_WARN_UNREACHABLE_CODE = YES;
				CLANG_WARN__DUPLICATE_METHOD_MATCH = YES;
				"CODE_SIGN_IDENTITY[sdk=iphoneos*]" = "iPhone Developer";
				COPY_PHASE_STRIP = NO;
				DEBUG_INFORMATION_FORMAT = "dwarf-with-dsym";
				ENABLE_NS_ASSERTIONS = NO;
				ENABLE_STRICT_OBJC_MSGSEND = YES;
				GCC_C_LANGUAGE_STANDARD = gnu99;
				GCC_NO_COMMON_BLOCKS = YES;
				GCC_WARN_64_TO_32_BIT_CONVERSION = YES;
				GCC_WARN_ABOUT_RETURN_TYPE = YES_ERROR;
				GCC_WARN_UNDECLARED_SELECTOR = YES;
				GCC_WARN_UNINITIALIZED_AUTOS = YES_AGGRESSIVE;
				GCC_WARN_UNUSED_FUNCTION = YES;
				GCC_WARN_UNUSED_VARIABLE = YES;
				IPHONEOS_DEPLOYMENT_TARGET = 9.3;
				MTL_ENABLE_DEBUG_INFO = NO;
				SDKROOT = iphoneos;
				TARGETED_DEVICE_FAMILY = "1,2";
				VALIDATE_PRODUCT = YES;
			};
			name = Release;
		};
		7CFE66D21E540E5A0000B161 /* Debug */ = {
			isa = XCBuildConfiguration;
			buildSettings = {
				ASSETCATALOG_COMPILER_APPICON_NAME = AppIcon;
				INFOPLIST_FILE = MaGraph/Info.plist;
				LD_RUNPATH_SEARCH_PATHS = "$(inherited) @executable_path/Frameworks";
				PRODUCT_BUNDLE_IDENTIFIER = ma.sdop.MaGraph;
				PRODUCT_NAME = "$(TARGET_NAME)";
			};
			name = Debug;
		};
		7CFE66D31E540E5A0000B161 /* Release */ = {
			isa = XCBuildConfiguration;
			buildSettings = {
				ASSETCATALOG_COMPILER_APPICON_NAME = AppIcon;
				INFOPLIST_FILE = MaGraph/Info.plist;
				LD_RUNPATH_SEARCH_PATHS = "$(inherited) @executable_path/Frameworks";
				PRODUCT_BUNDLE_IDENTIFIER = ma.sdop.MaGraph;
				PRODUCT_NAME = "$(TARGET_NAME)";
			};
			name = Release;
		};
/* End XCBuildConfiguration section */

/* Begin XCConfigurationList section */
		7CFE66BA1E540E5A0000B161 /* Build configuration list for PBXProject "MaGraph" */ = {
			isa = XCConfigurationList;
			buildConfigurations = (
				7CFE66CF1E540E5A0000B161 /* Debug */,
				7CFE66D01E540E5A0000B161 /* Release */,
			);
			defaultConfigurationIsVisible = 0;
			defaultConfigurationName = Release;
		};
		7CFE66D11E540E5A0000B161 /* Build configuration list for PBXNativeTarget "MaGraph" */ = {
			isa = XCConfigurationList;
			buildConfigurations = (
				7CFE66D21E540E5A0000B161 /* Debug */,
				7CFE66D31E540E5A0000B161 /* Release */,
			);
			defaultConfigurationIsVisible = 0;
		};
/* End XCConfigurationList section */
	};
	rootObject = 7CFE66B71E540E5A0000B161 /* Project object */;
}
